
Microsoft Visual Studio Solution File, Format Version 12.00
# Visual Studio Version 17
VisualStudioVersion = 17.14.36717.8 d17.14
MinimumVisualStudioVersion = 10.0.40219.1
Project("{FAE04EC0-301F-11D3-BF4B-00C04F79EFBC}") = "FileKEY", "FileKEY\FileKEY.csproj", "{C0F878E2-5F76-42F2-A0C4-780CA7894364}"
EndProject
Global
	GlobalSection(SolutionConfigurationPlatforms) = preSolution
		Debug|Any CPU = Debug|Any CPU
		Release|Any CPU = Release|Any CPU
	EndGlobalSection
	GlobalSection(ProjectConfigurationPlatforms) = postSolution
		{C0F878E2-5F76-42F2-A0C4-780CA7894364}.Debug|Any CPU.ActiveCfg = Debug|Any CPU
		{C0F878E2-5F76-42F2-A0C4-780CA7894364}.Debug|Any CPU.Build.0 = Debug|Any CPU
		{C0F878E2-5F76-42F2-A0C4-780CA7894364}.Release|Any CPU.ActiveCfg = Release|Any CPU
		{C0F878E2-5F76-42F2-A0C4-780CA7894364}.Release|Any CPU.Build.0 = Release|Any CPU
	EndGlobalSection
	GlobalSection(SolutionProperties) = preSolution
		HideSolutionNode = FALSE
	EndGlobalSection
	GlobalSection(ExtensibilityGlobals) = postSolution
		SolutionGuid = {D3647306-5E22-4CB4-BEFF-86EDC3A6A392}
	EndGlobalSection
EndGlobal
